
Microsoft Visual Studio Solution File, Format Version 12.00
# Visual Studio Version 16
VisualStudioVersion = 16.0.31515.178
MinimumVisualStudioVersion = 10.0.40219.1
Project("{FAE04EC0-301F-11D3-BF4B-00C04F79EFBC}") = "Example01", "Example01\Example01.csproj", "{C07B909E-86EB-4F82-BC01-A1D280B64FDB}"
EndProject
Project("{FAE04EC0-301F-11D3-BF4B-00C04F79EFBC}") = "Example02", "Example02\Example02.csproj", "{60559B7F-AD10-4064-BA83-5B0DCF9801C5}"
EndProject
Project("{FAE04EC0-301F-11D3-BF4B-00C04F79EFBC}") = "Example03", "Example03\Example03.csproj", "{30EF0A96-022D-46F6-9372-C844B41CD86C}"
EndProject
Project("{FAE04EC0-301F-11D3-BF4B-00C04F79EFBC}") = "Example04", "Example04\Example04.csproj", "{34B94AC2-13DE-4C14-91C2-BA5DAA2DD80A}"
EndProject
Project("{FAE04EC0-301F-11D3-BF4B-00C04F79EFBC}") = "Example05", "Example05\Example05.csproj", "{F9D6792A-7675-4DB9-8B07-26F1D5E4A62B}"
EndProject
Project("{FAE04EC0-301F-11D3-BF4B-00C04F79EFBC}") = "Example06", "Example06\Example06.csproj", "{93099CD4-C0EE-49E0-BB3A-988430BD78DC}"
EndProject
Global
	GlobalSection(SolutionConfigurationPlatforms) = preSolution
		Debug|Any CPU = Debug|Any CPU
		Release|Any CPU = Release|Any CPU
	EndGlobalSection
	GlobalSection(ProjectConfigurationPlatforms) = postSolution
		{C07B909E-86EB-4F82-BC01-A1D280B64FDB}.Debug|Any CPU.ActiveCfg = Debug|Any CPU
		{C07B909E-86EB-4F82-BC01-A1D280B64FDB}.Debug|Any CPU.Build.0 = Debug|Any CPU
		{C07B909E-86EB-4F82-BC01-A1D280B64FDB}.Release|Any CPU.ActiveCfg = Release|Any CPU
		{C07B909E-86EB-4F82-BC01-A1D280B64FDB}.Release|Any CPU.Build.0 = Release|Any CPU
		{60559B7F-AD10-4064-BA83-5B0DCF9801C5}.Debug|Any CPU.ActiveCfg = Debug|Any CPU
		{60559B7F-AD10-4064-BA83-5B0DCF9801C5}.Debug|Any CPU.Build.0 = Debug|Any CPU
		{60559B7F-AD10-4064-BA83-5B0DCF9801C5}.Release|Any CPU.ActiveCfg = Release|Any CPU
		{60559B7F-AD10-4064-BA83-5B0DCF9801C5}.Release|Any CPU.Build.0 = Release|Any CPU
		{30EF0A96-022D-46F6-9372-C844B41CD86C}.Debug|Any CPU.ActiveCfg = Debug|Any CPU
		{30EF0A96-022D-46F6-9372-C844B41CD86C}.Debug|Any CPU.Build.0 = Debug|Any CPU
		{30EF0A96-022D-46F6-9372-C844B41CD86C}.Release|Any CPU.ActiveCfg = Release|Any CPU
		{30EF0A96-022D-46F6-9372-C844B41CD86C}.Release|Any CPU.Build.0 = Release|Any CPU
		{34B94AC2-13DE-4C14-91C2-BA5DAA2DD80A}.Debug|Any CPU.ActiveCfg = Debug|Any CPU
		{34B94AC2-13DE-4C14-91C2-BA5DAA2DD80A}.Debug|Any CPU.Build.0 = Debug|Any CPU
		{34B94AC2-13DE-4C14-91C2-BA5DAA2DD80A}.Release|Any CPU.ActiveCfg = Release|Any CPU
		{34B94AC2-13DE-4C14-91C2-BA5DAA2DD80A}.Release|Any CPU.Build.0 = Release|Any CPU
		{F9D6792A-7675-4DB9-8B07-26F1D5E4A62B}.Debug|Any CPU.ActiveCfg = Debug|Any CPU
		{F9D6792A-7675-4DB9-8B07-26F1D5E4A62B}.Debug|Any CPU.Build.0 = Debug|Any CPU
		{F9D6792A-7675-4DB9-8B07-26F1D5E4A62B}.Release|Any CPU.ActiveCfg = Release|Any CPU
		{F9D6792A-7675-4DB9-8B07-26F1D5E4A62B}.Release|Any CPU.Build.0 = Release|Any CPU
		{93099CD4-C0EE-49E0-BB3A-988430BD78DC}.Debug|Any CPU.ActiveCfg = Debug|Any CPU
		{93099CD4-C0EE-49E0-BB3A-988430BD78DC}.Debug|Any CPU.Build.0 = Debug|Any CPU
		{93099CD4-C0EE-49E0-BB3A-988430BD78DC}.Release|Any CPU.ActiveCfg = Release|Any CPU
		{93099CD4-C0EE-49E0-BB3A-988430BD78DC}.Release|Any CPU.Build.0 = Release|Any CPU
	EndGlobalSection
	GlobalSection(SolutionProperties) = preSolution
		HideSolutionNode = FALSE
	EndGlobalSection
	GlobalSection(ExtensibilityGlobals) = postSolution
		SolutionGuid = {7424D6F8-5EB7-471A-9744-CF8A00DCD072}
	EndGlobalSection
EndGlobal
